
Microsoft Visual Studio Solution File, Format Version 12.00
# Visual Studio Version 17
VisualStudioVersion = 17.3.32929.385
MinimumVisualStudioVersion = 10.0.40219.1
Project("{FAE04EC0-301F-11D3-BF4B-00C04F79EFBC}") = "SocialNSite", "SocialNSite\SocialNSite.csproj", "{1A4A29FE-E764-4024-BD1E-E7D69996EC9C}"
EndProject
Global
	GlobalSection(SolutionConfigurationPlatforms) = preSolution
		Debug|Any CPU = Debug|Any CPU
		Release|Any CPU = Release|Any CPU
	EndGlobalSection
	GlobalSection(ProjectConfigurationPlatforms) = postSolution
		{1A4A29FE-E764-4024-BD1E-E7D69996EC9C}.Debug|Any CPU.ActiveCfg = Debug|Any CPU
		{1A4A29FE-E764-4024-BD1E-E7D69996EC9C}.Debug|Any CPU.Build.0 = Debug|Any CPU
		{1A4A29FE-E764-4024-BD1E-E7D69996EC9C}.Release|Any CPU.ActiveCfg = Release|Any CPU
		{1A4A29FE-E764-4024-BD1E-E7D69996EC9C}.Release|Any CPU.Build.0 = Release|Any CPU
	EndGlobalSection
	GlobalSection(SolutionProperties) = preSolution
		HideSolutionNode = FALSE
	EndGlobalSection
	GlobalSection(ExtensibilityGlobals) = postSolution
		SolutionGuid = {7071A718-B231-463A-9137-2059AD6B3613}
	EndGlobalSection
EndGlobal
